
Microsoft Visual Studio Solution File, Format Version 12.00
# Visual Studio Version 16
VisualStudioVersion = 16.0.29926.136
MinimumVisualStudioVersion = 10.0.40219.1
Project("{FAE04EC0-301F-11D3-BF4B-00C04F79EFBC}") = "EFCore", "EFCore\EFCore.csproj", "{B2EEE875-9DA0-4B97-8E98-2047E8130CAB}"
EndProject
Global
	GlobalSection(SolutionConfigurationPlatforms) = preSolution
		Debug|Any CPU = Debug|Any CPU
		Release|Any CPU = Release|Any CPU
	EndGlobalSection
	GlobalSection(ProjectConfigurationPlatforms) = postSolution
		{B2EEE875-9DA0-4B97-8E98-2047E8130CAB}.Debug|Any CPU.ActiveCfg = Debug|Any CPU
		{B2EEE875-9DA0-4B97-8E98-2047E8130CAB}.Debug|Any CPU.Build.0 = Debug|Any CPU
		{B2EEE875-9DA0-4B97-8E98-2047E8130CAB}.Release|Any CPU.ActiveCfg = Release|Any CPU
		{B2EEE875-9DA0-4B97-8E98-2047E8130CAB}.Release|Any CPU.Build.0 = Release|Any CPU
	EndGlobalSection
	GlobalSection(SolutionProperties) = preSolution
		HideSolutionNode = FALSE
	EndGlobalSection
	GlobalSection(ExtensibilityGlobals) = postSolution
		SolutionGuid = {1AA4935F-7349-40B6-B744-09137B942A52}
	EndGlobalSection
EndGlobal
